
Microsoft Visual Studio Solution File, Format Version 12.00
# Visual Studio Version 17
VisualStudioVersion = 17.11.35208.52
MinimumVisualStudioVersion = 10.0.40219.1
Project("{FAE04EC0-301F-11D3-BF4B-00C04F79EFBC}") = "KKDEnvanter", "KKDEnvanter.csproj", "{A26F30AF-7382-4A95-9CBF-7DE52D0B772C}"
EndProject
Project("{2150E333-8FDC-42A3-9474-1A3956D46DE8}") = "Çözüm Öğeleri", "Çözüm Öğeleri", "{64AD496B-EB67-4B4C-85EE-07295862C3CC}"
EndProject
Global
	GlobalSection(SolutionConfigurationPlatforms) = preSolution
		Debug|Any CPU = Debug|Any CPU
		Release|Any CPU = Release|Any CPU
	EndGlobalSection
	GlobalSection(ProjectConfigurationPlatforms) = postSolution
		{A26F30AF-7382-4A95-9CBF-7DE52D0B772C}.Debug|Any CPU.ActiveCfg = Debug|Any CPU
		{A26F30AF-7382-4A95-9CBF-7DE52D0B772C}.Debug|Any CPU.Build.0 = Debug|Any CPU
		{A26F30AF-7382-4A95-9CBF-7DE52D0B772C}.Release|Any CPU.ActiveCfg = Release|Any CPU
		{A26F30AF-7382-4A95-9CBF-7DE52D0B772C}.Release|Any CPU.Build.0 = Release|Any CPU
	EndGlobalSection
	GlobalSection(SolutionProperties) = preSolution
		HideSolutionNode = FALSE
	EndGlobalSection
	GlobalSection(ExtensibilityGlobals) = postSolution
		SolutionGuid = {E3800474-0AC8-4BBE-A80A-B34E2160998A}
	EndGlobalSection
EndGlobal
